
Microsoft Visual Studio Solution File, Format Version 12.00
# Visual Studio Version 17
VisualStudioVersion = 17.0.31903.59
MinimumVisualStudioVersion = 10.0.40219.1
Project("{FAE04EC0-301F-11D3-BF4B-00C04F79EFBC}") = "Laboratorio91", "Laboratorio91\Laboratorio91.csproj", "{859C961D-B9DF-4857-A0BC-FAA8B65B3BE1}"
EndProject
Project("{FAE04EC0-301F-11D3-BF4B-00C04F79EFBC}") = "Laboratorio92", "Laboratorio92\Laboratorio92.csproj", "{6492EBA7-CCB7-4B3D-86E4-7235F6B1BBF9}"
EndProject
Project("{FAE04EC0-301F-11D3-BF4B-00C04F79EFBC}") = "Laboratorio93", "Laboratorio93\Laboratorio93.csproj", "{7DE50989-AB7A-44BA-9B88-6D5AE02183E2}"
EndProject
Project("{FAE04EC0-301F-11D3-BF4B-00C04F79EFBC}") = "Laboratorio94", "Laboratorio94\Laboratorio94.csproj", "{C45DC8A5-A7DA-4B39-8F89-C0C523165834}"
EndProject
Project("{FAE04EC0-301F-11D3-BF4B-00C04F79EFBC}") = "Laboratorio95", "Laboratorio95\Laboratorio95.csproj", "{F1822C35-8A67-4CA5-81CC-7125BC412ACA}"
EndProject
Global
	GlobalSection(SolutionConfigurationPlatforms) = preSolution
		Debug|Any CPU = Debug|Any CPU
		Release|Any CPU = Release|Any CPU
	EndGlobalSection
	GlobalSection(SolutionProperties) = preSolution
		HideSolutionNode = FALSE
	EndGlobalSection
	GlobalSection(ProjectConfigurationPlatforms) = postSolution
		{859C961D-B9DF-4857-A0BC-FAA8B65B3BE1}.Debug|Any CPU.ActiveCfg = Debug|Any CPU
		{859C961D-B9DF-4857-A0BC-FAA8B65B3BE1}.Debug|Any CPU.Build.0 = Debug|Any CPU
		{859C961D-B9DF-4857-A0BC-FAA8B65B3BE1}.Release|Any CPU.ActiveCfg = Release|Any CPU
		{859C961D-B9DF-4857-A0BC-FAA8B65B3BE1}.Release|Any CPU.Build.0 = Release|Any CPU
		{6492EBA7-CCB7-4B3D-86E4-7235F6B1BBF9}.Debug|Any CPU.ActiveCfg = Debug|Any CPU
		{6492EBA7-CCB7-4B3D-86E4-7235F6B1BBF9}.Debug|Any CPU.Build.0 = Debug|Any CPU
		{6492EBA7-CCB7-4B3D-86E4-7235F6B1BBF9}.Release|Any CPU.ActiveCfg = Release|Any CPU
		{6492EBA7-CCB7-4B3D-86E4-7235F6B1BBF9}.Release|Any CPU.Build.0 = Release|Any CPU
		{7DE50989-AB7A-44BA-9B88-6D5AE02183E2}.Debug|Any CPU.ActiveCfg = Debug|Any CPU
		{7DE50989-AB7A-44BA-9B88-6D5AE02183E2}.Debug|Any CPU.Build.0 = Debug|Any CPU
		{7DE50989-AB7A-44BA-9B88-6D5AE02183E2}.Release|Any CPU.ActiveCfg = Release|Any CPU
		{7DE50989-AB7A-44BA-9B88-6D5AE02183E2}.Release|Any CPU.Build.0 = Release|Any CPU
		{C45DC8A5-A7DA-4B39-8F89-C0C523165834}.Debug|Any CPU.ActiveCfg = Debug|Any CPU
		{C45DC8A5-A7DA-4B39-8F89-C0C523165834}.Debug|Any CPU.Build.0 = Debug|Any CPU
		{C45DC8A5-A7DA-4B39-8F89-C0C523165834}.Release|Any CPU.ActiveCfg = Release|Any CPU
		{C45DC8A5-A7DA-4B39-8F89-C0C523165834}.Release|Any CPU.Build.0 = Release|Any CPU
		{F1822C35-8A67-4CA5-81CC-7125BC412ACA}.Debug|Any CPU.ActiveCfg = Debug|Any CPU
		{F1822C35-8A67-4CA5-81CC-7125BC412ACA}.Debug|Any CPU.Build.0 = Debug|Any CPU
		{F1822C35-8A67-4CA5-81CC-7125BC412ACA}.Release|Any CPU.ActiveCfg = Release|Any CPU
		{F1822C35-8A67-4CA5-81CC-7125BC412ACA}.Release|Any CPU.Build.0 = Release|Any CPU
	EndGlobalSection
EndGlobal
