
Microsoft Visual Studio Solution File, Format Version 12.00
# Visual Studio Version 17
VisualStudioVersion = 17.14.36616.10 d17.14
MinimumVisualStudioVersion = 10.0.40219.1
Project("{FAE04EC0-301F-11D3-BF4B-00C04F79EFBC}") = "Laboratorio12", "Laboratorio12.csproj", "{B01CE7EC-60DE-45C7-836B-2F2C1905F4C7}"
EndProject
Project("{FAE04EC0-301F-11D3-BF4B-00C04F79EFBC}") = "Laboratorio122", "..\Laboratorio122\Laboratorio122.csproj", "{0FC77F3F-487B-40FE-BAA2-F677A66F1379}"
EndProject
Project("{FAE04EC0-301F-11D3-BF4B-00C04F79EFBC}") = "Laboratorio123", "..\Laboratorio123\Laboratorio123.csproj", "{01DB729C-BF74-4858-BC50-246AC3E6D968}"
EndProject
Global
	GlobalSection(SolutionConfigurationPlatforms) = preSolution
		Debug|Any CPU = Debug|Any CPU
		Release|Any CPU = Release|Any CPU
	EndGlobalSection
	GlobalSection(ProjectConfigurationPlatforms) = postSolution
		{B01CE7EC-60DE-45C7-836B-2F2C1905F4C7}.Debug|Any CPU.ActiveCfg = Debug|Any CPU
		{B01CE7EC-60DE-45C7-836B-2F2C1905F4C7}.Debug|Any CPU.Build.0 = Debug|Any CPU
		{B01CE7EC-60DE-45C7-836B-2F2C1905F4C7}.Release|Any CPU.ActiveCfg = Release|Any CPU
		{B01CE7EC-60DE-45C7-836B-2F2C1905F4C7}.Release|Any CPU.Build.0 = Release|Any CPU
		{0FC77F3F-487B-40FE-BAA2-F677A66F1379}.Debug|Any CPU.ActiveCfg = Debug|Any CPU
		{0FC77F3F-487B-40FE-BAA2-F677A66F1379}.Debug|Any CPU.Build.0 = Debug|Any CPU
		{0FC77F3F-487B-40FE-BAA2-F677A66F1379}.Release|Any CPU.ActiveCfg = Release|Any CPU
		{0FC77F3F-487B-40FE-BAA2-F677A66F1379}.Release|Any CPU.Build.0 = Release|Any CPU
		{01DB729C-BF74-4858-BC50-246AC3E6D968}.Debug|Any CPU.ActiveCfg = Debug|Any CPU
		{01DB729C-BF74-4858-BC50-246AC3E6D968}.Debug|Any CPU.Build.0 = Debug|Any CPU
		{01DB729C-BF74-4858-BC50-246AC3E6D968}.Release|Any CPU.ActiveCfg = Release|Any CPU
		{01DB729C-BF74-4858-BC50-246AC3E6D968}.Release|Any CPU.Build.0 = Release|Any CPU
	EndGlobalSection
	GlobalSection(SolutionProperties) = preSolution
		HideSolutionNode = FALSE
	EndGlobalSection
	GlobalSection(ExtensibilityGlobals) = postSolution
		SolutionGuid = {35203AA8-AEB8-4858-99B8-96380E804874}
	EndGlobalSection
EndGlobal
